
Microsoft Visual Studio Solution File, Format Version 12.00
# Visual Studio Version 16
VisualStudioVersion = 16.0.810.21
MinimumVisualStudioVersion = 10.0.40219.1
Project("{FAE04EC0-301F-11D3-BF4B-00C04F79EFBC}") = "ErrataManager", "ErrataManager.csproj", "{43913103-A043-4FDB-BA40-B21D77CF66EC}"
EndProject
Global
	GlobalSection(SolutionConfigurationPlatforms) = preSolution
		Debug|Any CPU = Debug|Any CPU
		Release|Any CPU = Release|Any CPU
	EndGlobalSection
	GlobalSection(ProjectConfigurationPlatforms) = postSolution
		{43913103-A043-4FDB-BA40-B21D77CF66EC}.Debug|Any CPU.ActiveCfg = Debug|Any CPU
		{43913103-A043-4FDB-BA40-B21D77CF66EC}.Debug|Any CPU.Build.0 = Debug|Any CPU
		{43913103-A043-4FDB-BA40-B21D77CF66EC}.Release|Any CPU.ActiveCfg = Release|Any CPU
		{43913103-A043-4FDB-BA40-B21D77CF66EC}.Release|Any CPU.Build.0 = Release|Any CPU
	EndGlobalSection
	GlobalSection(SolutionProperties) = preSolution
		HideSolutionNode = FALSE
	EndGlobalSection
	GlobalSection(ExtensibilityGlobals) = postSolution
		SolutionGuid = {1A6FDE1D-5FF3-43FF-97AE-016058C276D6}
	EndGlobalSection
EndGlobal
